{
  "projects": [
    {
      "projectId": "jkU633o1Cz7HrJdwdxhVHk",
      "version": "16.7.0",
      "dependencies": {},
      "lang": "ts",
      "fileLocks": [
        {
          "assetId": "jkU633o1Cz7HrJdwdxhVHk",
          "type": "projectCss",
          "checksum": "0581d4378bb1604bb5fe3f65bb0a37de"
        }
      ],
      "codegenVersion": "0.0.1"
    },
    {
      "projectId": "sqPBLwEBBKHA2WDuGb17eV",
      "version": "0.9.0",
      "dependencies": {},
      "lang": "ts",
      "fileLocks": [
        {
          "assetId": "sqPBLwEBBKHA2WDuGb17eV",
          "type": "projectCss",
          "checksum": "e1ec850476829c38b0f9b6d4f7ac446a"
        },
        {
          "type": "renderModule",
          "assetId": "5nirPCGmCnRD",
          "checksum": "a08a4c98a8f8345cb02637fdee5cc7ff"
        },
        {
          "type": "cssRules",
          "assetId": "5nirPCGmCnRD",
          "checksum": "a08a4c98a8f8345cb02637fdee5cc7ff"
        },
        {
          "type": "icon",
          "assetId": "Wyt3GMMsLefj",
          "checksum": "d8c88f04735c43b3f7790b0889d20e0c"
        },
        {
          "type": "icon",
          "assetId": "MbDRsJU0e3bw",
          "checksum": "92672aa6935120ebaac11939d8d127bb"
        }
      ],
      "codegenVersion": "0.0.1"
    },
    {
      "projectId": "r3ASNrnyvLLLAtDvzUioQ",
      "version": "4.3.0",
      "dependencies": {},
      "lang": "ts",
      "fileLocks": [
        {
          "assetId": "r3ASNrnyvLLLAtDvzUioQ",
          "type": "projectCss",
          "checksum": "e1ec850476829c38b0f9b6d4f7ac446a"
        }
      ],
      "codegenVersion": "0.0.1"
    },
    {
      "projectId": "caTPwKxj5ZrD9LQ7DMdK4Z",
      "version": "3.34.0",
      "dependencies": {},
      "lang": "ts",
      "fileLocks": [
        {
          "assetId": "caTPwKxj5ZrD9LQ7DMdK4Z",
          "type": "projectCss",
          "checksum": "e1ec850476829c38b0f9b6d4f7ac446a"
        }
      ],
      "codegenVersion": "0.0.1"
    },
    {
      "projectId": "ohDidvG9XsCeFumugENU3J",
      "version": "6.20.0",
      "dependencies": {},
      "lang": "ts",
      "fileLocks": [
        {
          "assetId": "ohDidvG9XsCeFumugENU3J",
          "type": "projectCss",
          "checksum": "fd83b730367fdbde2c69bc6cf31c2a3c"
        },
        {
          "assetId": "ohDidvG9XsCeFumugENU3J",
          "checksum": "de0a0e65174a6a185a8f822af51c6bdd",
          "type": "globalContexts"
        }
      ],
      "codegenVersion": "0.0.1"
    },
    {
      "projectId": "ezXstb24MmF1SndvtETBh2",
      "version": "latest",
      "dependencies": {
        "ohDidvG9XsCeFumugENU3J": "6.20.0",
        "caTPwKxj5ZrD9LQ7DMdK4Z": "3.34.0",
        "r3ASNrnyvLLLAtDvzUioQ": "4.3.0",
        "sqPBLwEBBKHA2WDuGb17eV": "0.9.0",
        "jkU633o1Cz7HrJdwdxhVHk": "16.7.0"
      },
      "lang": "ts",
      "fileLocks": [
        {
          "type": "globalVariant",
          "assetId": "RjZSpUA3iUKi",
          "checksum": "c743145e1ac880cfe47a2c47fabcdf6c"
        },
        {
          "assetId": "ezXstb24MmF1SndvtETBh2",
          "checksum": "95dbb697df9d27e2f81f0fe41533678f",
          "type": "globalContexts"
        },
        {
          "type": "renderModule",
          "assetId": "V2ZdT_462bKN",
          "checksum": "a2eded4ebe88c707d4ca2bb616262416"
        },
        {
          "type": "cssRules",
          "assetId": "V2ZdT_462bKN",
          "checksum": "a2eded4ebe88c707d4ca2bb616262416"
        },
        {
          "type": "renderModule",
          "assetId": "Wg_7eiARuB6m",
          "checksum": "f06c03375a139fa2ae7e4d800ced4587"
        },
        {
          "type": "cssRules",
          "assetId": "Wg_7eiARuB6m",
          "checksum": "f06c03375a139fa2ae7e4d800ced4587"
        },
        {
          "type": "renderModule",
          "assetId": "z6aQVs0Jm6At",
          "checksum": "66d2b4c43fd9df613588bd074ebcbc12"
        },
        {
          "type": "cssRules",
          "assetId": "z6aQVs0Jm6At",
          "checksum": "66d2b4c43fd9df613588bd074ebcbc12"
        },
        {
          "type": "renderModule",
          "assetId": "tjGCGqHIiGLA",
          "checksum": "eaa01bf02e5f0ddc0cf05468cd53b113"
        },
        {
          "type": "cssRules",
          "assetId": "tjGCGqHIiGLA",
          "checksum": "eaa01bf02e5f0ddc0cf05468cd53b113"
        },
        {
          "type": "renderModule",
          "assetId": "2n49SM9G4h_E",
          "checksum": "f36d9b86ddad1f90bdd45470a1c9da20"
        },
        {
          "type": "cssRules",
          "assetId": "2n49SM9G4h_E",
          "checksum": "f36d9b86ddad1f90bdd45470a1c9da20"
        },
        {
          "type": "renderModule",
          "assetId": "85uUpz9C3aXZ",
          "checksum": "d116278c985c72122e9567a04f6360f2"
        },
        {
          "type": "cssRules",
          "assetId": "85uUpz9C3aXZ",
          "checksum": "d116278c985c72122e9567a04f6360f2"
        },
        {
          "type": "renderModule",
          "assetId": "hk2pkBiK-F8H",
          "checksum": "f334bc6d2f9af9eff6233e7ccfb8831b"
        },
        {
          "type": "cssRules",
          "assetId": "hk2pkBiK-F8H",
          "checksum": "f334bc6d2f9af9eff6233e7ccfb8831b"
        },
        {
          "type": "renderModule",
          "assetId": "K7uozXWus1-C",
          "checksum": "cdb38109c6a443aabb7d6bea3b31ad89"
        },
        {
          "type": "cssRules",
          "assetId": "K7uozXWus1-C",
          "checksum": "cdb38109c6a443aabb7d6bea3b31ad89"
        },
        {
          "type": "renderModule",
          "assetId": "fOMLYs5CwKlU",
          "checksum": "e40fc8a183fdf6ec7d880b9cd9aa9c41"
        },
        {
          "type": "cssRules",
          "assetId": "fOMLYs5CwKlU",
          "checksum": "e40fc8a183fdf6ec7d880b9cd9aa9c41"
        },
        {
          "type": "renderModule",
          "assetId": "gYMlYRyAKUQo",
          "checksum": "62b5eea475a20ff0060818bf37cdbbe8"
        },
        {
          "type": "cssRules",
          "assetId": "gYMlYRyAKUQo",
          "checksum": "62b5eea475a20ff0060818bf37cdbbe8"
        },
        {
          "type": "renderModule",
          "assetId": "j_SUJcQ3b-X7",
          "checksum": "e2dde1133a2b4bec8c8173a55dce5b78"
        },
        {
          "type": "cssRules",
          "assetId": "j_SUJcQ3b-X7",
          "checksum": "e2dde1133a2b4bec8c8173a55dce5b78"
        },
        {
          "type": "renderModule",
          "assetId": "Q68SyZm1Ba1L",
          "checksum": "77d18ac920f6f612ca2752432d4ddda4"
        },
        {
          "type": "cssRules",
          "assetId": "Q68SyZm1Ba1L",
          "checksum": "77d18ac920f6f612ca2752432d4ddda4"
        },
        {
          "type": "renderModule",
          "assetId": "XIAqVyb5eVQW",
          "checksum": "085bd1e432b8c432c932dc739529ef80"
        },
        {
          "type": "cssRules",
          "assetId": "XIAqVyb5eVQW",
          "checksum": "085bd1e432b8c432c932dc739529ef80"
        },
        {
          "type": "icon",
          "assetId": "EayiobTyFOwB",
          "checksum": "b116f5f7e2454d2113fd423a83749a38"
        },
        {
          "type": "icon",
          "assetId": "sZZ7QXNWz3Np",
          "checksum": "6b7c3ea0943e043d9efbee8136afc870"
        },
        {
          "type": "icon",
          "assetId": "dgnY0MBpZ_gk",
          "checksum": "2688135eb99aa487f74b2478d6bbbd15"
        },
        {
          "type": "icon",
          "assetId": "9QJOOLK45D4g",
          "checksum": "baf40d69c886b1529aad177c4ff765fd"
        },
        {
          "type": "icon",
          "assetId": "8OSmlHwReZ8C",
          "checksum": "a8d8dd8d644ef36f5c5985f9d9388f19"
        },
        {
          "type": "icon",
          "assetId": "O98JeLQEeDqz",
          "checksum": "1c30e5fabe5509ca000b5efc772dfd49"
        },
        {
          "type": "icon",
          "assetId": "WYEpdZQkInud",
          "checksum": "048b720d5ab51494b796f3246152f5ee"
        },
        {
          "type": "icon",
          "assetId": "1fFBZhgtjE9c",
          "checksum": "d7c445088a84c98615da32fce3a6189a"
        },
        {
          "type": "icon",
          "assetId": "oVDEVzmm0gyv",
          "checksum": "f129232eb83eb184a271f939a5cda69d"
        },
        {
          "type": "icon",
          "assetId": "ZfzkzkodNDE5",
          "checksum": "e6fef639a35376c509bcbd68cd3a4f2a"
        },
        {
          "type": "icon",
          "assetId": "DDTC_jpsmAfb",
          "checksum": "5377bd11952f336b8bd6f9b19bdf56b2"
        },
        {
          "type": "icon",
          "assetId": "LQ7kdyZR99bt",
          "checksum": "ca3f18766b45581697de098c5cd87e85"
        },
        {
          "type": "icon",
          "assetId": "KupJA1ebzWwt",
          "checksum": "a6dddf82c9082308914aca1f8f7a1efd"
        },
        {
          "type": "icon",
          "assetId": "sb0sh_d4ww7R",
          "checksum": "a61e974807f2321481770ea0b430fb7e"
        },
        {
          "type": "icon",
          "assetId": "Bnla6O9F2B0c",
          "checksum": "d9aa8fc0b1ede788c62b9bd07f36f693"
        },
        {
          "type": "icon",
          "assetId": "8x4uvJypKM6j",
          "checksum": "92594cdee3c005a0631af5b7793892a3"
        },
        {
          "type": "icon",
          "assetId": "6RBiIkKqizRq",
          "checksum": "a47c3a4c2da9aced05425879150b8afc"
        },
        {
          "type": "icon",
          "assetId": "_6QPHHdU3hAo",
          "checksum": "feda1e9cbc5d78dbba50c16befcd2230"
        },
        {
          "type": "icon",
          "assetId": "dqkFggxF6NRz",
          "checksum": "5eee36fa5c5caff6069bd95d8e58aaec"
        },
        {
          "type": "icon",
          "assetId": "6aSQoCdAFy3u",
          "checksum": "6506baf98d32f5d3a305e34e115c82f6"
        },
        {
          "type": "image",
          "assetId": "UgIwaP_ezzCo",
          "checksum": "d59c927d2a1619629e21e1ae69541047"
        },
        {
          "type": "image",
          "assetId": "jM-BUze4Q9cc",
          "checksum": "c1be854c98fdca9406ba1071741c91c6"
        },
        {
          "type": "image",
          "assetId": "EgjGwTcPaaqL",
          "checksum": "38f65345a4b6eab2d4763dca013691f9"
        },
        {
          "type": "image",
          "assetId": "Vi5Pcz0u2AVH",
          "checksum": "779cc5ba534d6e095f9877c91cd83693"
        },
        {
          "type": "image",
          "assetId": "AALXLedMafuK",
          "checksum": "17449787c8eb097c591c5260f894c6a9"
        },
        {
          "type": "image",
          "assetId": "OLSUYPDCnH2V",
          "checksum": "f1bad495baad950f15938971d9275d3e"
        },
        {
          "type": "image",
          "assetId": "uqmtHEZ0GRPY",
          "checksum": "f3545b952541266a73d31f992805b4df"
        },
        {
          "type": "image",
          "assetId": "0bKk4Diu2a7s",
          "checksum": "ca8d379c1ee64616b0b64c3b4f7bed8d"
        },
        {
          "type": "image",
          "assetId": "ziVKOmeyGLnZ",
          "checksum": "3d29346758f3177fd8d98497ef046dfe"
        },
        {
          "type": "image",
          "assetId": "96wa_AyBhJLW",
          "checksum": "46d1fc15f11400c77c8dfb2c96b1e913"
        },
        {
          "type": "image",
          "assetId": "7ApdNoSiMPD7",
          "checksum": "e956829d02bd1a661b1483e66887acf6"
        },
        {
          "type": "image",
          "assetId": "VJBCbyUjXZ0i",
          "checksum": "74214df362555dc3607b8cfd1a0aea1a"
        },
        {
          "type": "image",
          "assetId": "bVCu2nT6fa01",
          "checksum": "9749fdfb6f1820a4eeb95b722a197a21"
        },
        {
          "type": "image",
          "assetId": "yOaT1-AtVGwl",
          "checksum": "a4ca7e9cdf6e31fe0bc49c2a6543dd3d"
        },
        {
          "type": "image",
          "assetId": "Jz1p6uvAOV7M",
          "checksum": "5b3ef6502bc1f58abe14b085465c1c87"
        },
        {
          "type": "image",
          "assetId": "ME4YjRGnGsrZ",
          "checksum": "d3be9981a4fd9129a828b166651ed8db"
        },
        {
          "type": "image",
          "assetId": "32JnHfGXhG3l",
          "checksum": "2a057c0185cde30343713060ac1c0682"
        },
        {
          "type": "image",
          "assetId": "8jMK6bNo-k1r",
          "checksum": "679b18e042e69151caa67d19746ed2d3"
        },
        {
          "type": "image",
          "assetId": "23eo4mBE72-J",
          "checksum": "23ed10b95068f57429caa363a98f4b5f"
        },
        {
          "type": "image",
          "assetId": "wPb30nuBnpfx",
          "checksum": "bd870ded17df552a327f2148c527c146"
        },
        {
          "type": "image",
          "assetId": "75a9vfC3zjt8",
          "checksum": "314b74c368d9b253f00e94b8e1da17ed"
        },
        {
          "type": "image",
          "assetId": "sV63xPQtZV5i",
          "checksum": "9c08e44c1dfcf9e1d5ed8949815a8903"
        },
        {
          "type": "image",
          "assetId": "jwnBfnNvNN5L",
          "checksum": "14fbe04e6970d157cce074e95578bbf5"
        },
        {
          "type": "image",
          "assetId": "Yc5yTW-q7E9D",
          "checksum": "1cd664134f01245dd7f2ed3ed1c34001"
        },
        {
          "type": "image",
          "assetId": "JEKJCWFrLGTg",
          "checksum": "1b9d7cf2ca03d9009df96da89214dd9a"
        },
        {
          "type": "image",
          "assetId": "Fd9wLAfxJwEz",
          "checksum": "2b506ba8ea6361b4451adc71307625a4"
        },
        {
          "type": "image",
          "assetId": "PuM8f-B1V1Q3",
          "checksum": "644921e553326799388f1b1b99fa641f"
        },
        {
          "type": "image",
          "assetId": "k4TciiKGpOmG",
          "checksum": "b860cfa5b333284e181e47f476048ae8"
        },
        {
          "type": "image",
          "assetId": "Vz6sjrcFVFSb",
          "checksum": "19c5ab1f8f099261cb08a1727b8adbb2"
        },
        {
          "type": "image",
          "assetId": "JAXMmrE3_dFZ",
          "checksum": "2d824be402379bcdc853c832381ad9a2"
        },
        {
          "type": "image",
          "assetId": "7Jtjuv4JC4D-",
          "checksum": "596070aa4d863059de3d89ae3aeeae29"
        },
        {
          "type": "image",
          "assetId": "AbkUet1v_Ad8",
          "checksum": "c5c37f007b084b9b85b91f5e0a14a86c"
        },
        {
          "type": "image",
          "assetId": "BML5gfb6tqCZ",
          "checksum": "72281eedbec6eec9941cb0b6f5a7aadf"
        },
        {
          "type": "image",
          "assetId": "5FzeDaleJA3V",
          "checksum": "ad68abafeec5aece4b359cc8be81caac"
        },
        {
          "type": "image",
          "assetId": "uPOpoGgnqnbL",
          "checksum": "1168cefe0cc2023ae3b1dca4c0be3257"
        },
        {
          "type": "image",
          "assetId": "OnIfIzENx_VG",
          "checksum": "0176fe5b59e279a74c232a14932d56ef"
        },
        {
          "type": "image",
          "assetId": "qtx2JHCyGJPV",
          "checksum": "391d70b66eda01d31d473369c8e33d99"
        },
        {
          "type": "image",
          "assetId": "youXa7nt3nhO",
          "checksum": "dd11523cdd7decc50705e23fc59856a6"
        },
        {
          "type": "image",
          "assetId": "LClZKSQN4qbt",
          "checksum": "49a29c83817b72f8e99dde90fee2ac25"
        },
        {
          "type": "image",
          "assetId": "0KhAeD_vxkZy",
          "checksum": "4535710f2102a30ea06dafa4ff14cca9"
        },
        {
          "assetId": "ezXstb24MmF1SndvtETBh2",
          "type": "projectCss",
          "checksum": "77e88d18b2419ede765f72ba8b88a73e"
        }
      ],
      "codegenVersion": "0.0.1"
    }
  ],
  "cliVersion": "0.1.327"
}
